# THIS IS AN AUTOGENERATED FILE. DO NOT EDIT THIS FILE DIRECTLY.
# yarn lockfile v1


"@publishvue/vueutils@^1.0.11":
  version "1.0.11"
  resolved "https://registry.yarnpkg.com/@publishvue/vueutils/-/vueutils-1.0.11.tgz#6ba8eb192aa2db5f2503a2ffdc25fb3b58e69883"
  integrity sha512-H53Hau0+9/sxF6PtcLSEFNZq9H7DOfI8dHoZfqFvn6RzYQYVwnQwFE6JQqn/2gRLA0A1cIvH6AtIVL/Af2vF1w==
